# Generated dependency record. Update this file whenever hudlib.aar is rebuilt.
source_repository=https://github.com/vincenzobpt/ridedaemon-lib
source_commit=15df75c4dcdf5ad0d0b368b8328c2cb43a06fef7
source_dirty=false
source_checkout=refs/ridedaemon-lib-motohub
gomobile_android_api=34
artifact=apps/android/app/libs/hudlib.aar
sha256=7318c018583cb4c7ec0d4f1c329c016e6f7c0c6477578ce48ab307c4e259a8f0
license=GPL-3.0-only
